
Microsoft Visual Studio Solution File, Format Version 12.00
# Visual Studio Version 17
VisualStudioVersion = 17.6.33723.286
MinimumVisualStudioVersion = 10.0.40219.1
Project("{FAE04EC0-301F-11D3-BF4B-00C04F79EFBC}") = "simple-crud-and-authentication", "simple-crud-and-authentication\simple-crud-and-authentication.csproj", "{57818B32-954F-4A16-B04D-B62F00E8A428}"
EndProject
Global
	GlobalSection(SolutionConfigurationPlatforms) = preSolution
		Debug|Any CPU = Debug|Any CPU
		Release|Any CPU = Release|Any CPU
	EndGlobalSection
	GlobalSection(ProjectConfigurationPlatforms) = postSolution
		{57818B32-954F-4A16-B04D-B62F00E8A428}.Debug|Any CPU.ActiveCfg = Debug|Any CPU
		{57818B32-954F-4A16-B04D-B62F00E8A428}.Debug|Any CPU.Build.0 = Debug|Any CPU
		{57818B32-954F-4A16-B04D-B62F00E8A428}.Release|Any CPU.ActiveCfg = Release|Any CPU
		{57818B32-954F-4A16-B04D-B62F00E8A428}.Release|Any CPU.Build.0 = Release|Any CPU
	EndGlobalSection
	GlobalSection(SolutionProperties) = preSolution
		HideSolutionNode = FALSE
	EndGlobalSection
	GlobalSection(ExtensibilityGlobals) = postSolution
		SolutionGuid = {19CE2FA1-57C8-4F62-B35E-566BC6E96D28}
	EndGlobalSection
EndGlobal
